
Microsoft Visual Studio Solution File, Format Version 12.00
# Visual Studio 2013
VisualStudioVersion = 12.0.21005.1
MinimumVisualStudioVersion = 10.0.40219.1
Project("{FAE04EC0-301F-11D3-BF4B-00C04F79EFBC}") = "AbisMonitor.UI", "AbisMonitor\AbisMonitor.UI.csproj", "{753D5E82-5C60-489B-9885-F60C02BC66EC}"
EndProject
Project("{FAE04EC0-301F-11D3-BF4B-00C04F79EFBC}") = "Framework", "Framework\Framework.csproj", "{CD010F74-3388-486F-9CAA-01E99AB36F04}"
EndProject
Project("{FAE04EC0-301F-11D3-BF4B-00C04F79EFBC}") = "Common", "Common\Common.csproj", "{054748D7-D134-41EC-8035-D23C2A03875A}"
EndProject
Project("{FAE04EC0-301F-11D3-BF4B-00C04F79EFBC}") = "ClientSocketEngine", "ClientSocketEngine\ClientSocketEngine.csproj", "{6EC6C709-FB67-454D-8638-F5D493282F72}"
EndProject
Project("{FAE04EC0-301F-11D3-BF4B-00C04F79EFBC}") = "Common.Domain", "Common.Domain\Common.Domain.csproj", "{928FC910-9AB8-4373-9AF1-EAC9461EE0B8}"
EndProject
Project("{FAE04EC0-301F-11D3-BF4B-00C04F79EFBC}") = "Common.Service", "Common.Service\Common.Service.csproj", "{D0DD23B7-5584-461B-A99E-C8E93BDA121F}"
EndProject
Project("{FAE04EC0-301F-11D3-BF4B-00C04F79EFBC}") = "AbisMonitor.Domain", "AbisMonitor.Domain\AbisMonitor.Domain.csproj", "{BE1F053F-D36A-415E-87CB-79F1A6555674}"
EndProject
Project("{FAE04EC0-301F-11D3-BF4B-00C04F79EFBC}") = "AbisMonitor.Service", "AbisMonitor.Service\AbisMonitor.Service.csproj", "{762A8326-6CD1-45CF-923A-740F51E8466B}"
EndProject
Global
	GlobalSection(SolutionConfigurationPlatforms) = preSolution
		Debug|Any CPU = Debug|Any CPU
		Release|Any CPU = Release|Any CPU
	EndGlobalSection
	GlobalSection(ProjectConfigurationPlatforms) = postSolution
		{753D5E82-5C60-489B-9885-F60C02BC66EC}.Debug|Any CPU.ActiveCfg = Debug|Any CPU
		{753D5E82-5C60-489B-9885-F60C02BC66EC}.Debug|Any CPU.Build.0 = Debug|Any CPU
		{753D5E82-5C60-489B-9885-F60C02BC66EC}.Release|Any CPU.ActiveCfg = Release|Any CPU
		{753D5E82-5C60-489B-9885-F60C02BC66EC}.Release|Any CPU.Build.0 = Release|Any CPU
		{CD010F74-3388-486F-9CAA-01E99AB36F04}.Debug|Any CPU.ActiveCfg = Debug|Any CPU
		{CD010F74-3388-486F-9CAA-01E99AB36F04}.Debug|Any CPU.Build.0 = Debug|Any CPU
		{CD010F74-3388-486F-9CAA-01E99AB36F04}.Release|Any CPU.ActiveCfg = Release|Any CPU
		{CD010F74-3388-486F-9CAA-01E99AB36F04}.Release|Any CPU.Build.0 = Release|Any CPU
		{054748D7-D134-41EC-8035-D23C2A03875A}.Debug|Any CPU.ActiveCfg = Debug|Any CPU
		{054748D7-D134-41EC-8035-D23C2A03875A}.Debug|Any CPU.Build.0 = Debug|Any CPU
		{054748D7-D134-41EC-8035-D23C2A03875A}.Release|Any CPU.ActiveCfg = Release|Any CPU
		{054748D7-D134-41EC-8035-D23C2A03875A}.Release|Any CPU.Build.0 = Release|Any CPU
		{6EC6C709-FB67-454D-8638-F5D493282F72}.Debug|Any CPU.ActiveCfg = Debug|Any CPU
		{6EC6C709-FB67-454D-8638-F5D493282F72}.Debug|Any CPU.Build.0 = Debug|Any CPU
		{6EC6C709-FB67-454D-8638-F5D493282F72}.Release|Any CPU.ActiveCfg = Release|Any CPU
		{6EC6C709-FB67-454D-8638-F5D493282F72}.Release|Any CPU.Build.0 = Release|Any CPU
		{928FC910-9AB8-4373-9AF1-EAC9461EE0B8}.Debug|Any CPU.ActiveCfg = Debug|Any CPU
		{928FC910-9AB8-4373-9AF1-EAC9461EE0B8}.Debug|Any CPU.Build.0 = Debug|Any CPU
		{928FC910-9AB8-4373-9AF1-EAC9461EE0B8}.Release|Any CPU.ActiveCfg = Release|Any CPU
		{928FC910-9AB8-4373-9AF1-EAC9461EE0B8}.Release|Any CPU.Build.0 = Release|Any CPU
		{D0DD23B7-5584-461B-A99E-C8E93BDA121F}.Debug|Any CPU.ActiveCfg = Debug|Any CPU
		{D0DD23B7-5584-461B-A99E-C8E93BDA121F}.Debug|Any CPU.Build.0 = Debug|Any CPU
		{D0DD23B7-5584-461B-A99E-C8E93BDA121F}.Release|Any CPU.ActiveCfg = Release|Any CPU
		{D0DD23B7-5584-461B-A99E-C8E93BDA121F}.Release|Any CPU.Build.0 = Release|Any CPU
		{BE1F053F-D36A-415E-87CB-79F1A6555674}.Debug|Any CPU.ActiveCfg = Debug|Any CPU
		{BE1F053F-D36A-415E-87CB-79F1A6555674}.Debug|Any CPU.Build.0 = Debug|Any CPU
		{BE1F053F-D36A-415E-87CB-79F1A6555674}.Release|Any CPU.ActiveCfg = Release|Any CPU
		{BE1F053F-D36A-415E-87CB-79F1A6555674}.Release|Any CPU.Build.0 = Release|Any CPU
		{762A8326-6CD1-45CF-923A-740F51E8466B}.Debug|Any CPU.ActiveCfg = Debug|Any CPU
		{762A8326-6CD1-45CF-923A-740F51E8466B}.Debug|Any CPU.Build.0 = Debug|Any CPU
		{762A8326-6CD1-45CF-923A-740F51E8466B}.Release|Any CPU.ActiveCfg = Release|Any CPU
		{762A8326-6CD1-45CF-923A-740F51E8466B}.Release|Any CPU.Build.0 = Release|Any CPU
	EndGlobalSection
	GlobalSection(SolutionProperties) = preSolution
		HideSolutionNode = FALSE
	EndGlobalSection
EndGlobal
